
Microsoft Visual Studio Solution File, Format Version 12.00
# Visual Studio Version 17
VisualStudioVersion = 17.3.32728.150
MinimumVisualStudioVersion = 10.0.40219.1
Project("{9A19103F-16F7-4668-BE54-9A1E7A4F7556}") = "RatesAssistant.Console", "RatesAssistant.Console\RatesAssistant.Console.csproj", "{6270A0E5-907F-44E4-8627-1078EFA4683D}"
EndProject
Project("{9A19103F-16F7-4668-BE54-9A1E7A4F7556}") = "RatesAssistant.Infrastructure", "RatesAssistant.Infrastructure\RatesAssistant.Infrastructure.csproj", "{0DE7FFA3-D541-4225-975A-0BEB933F7F1F}"
EndProject
Project("{9A19103F-16F7-4668-BE54-9A1E7A4F7556}") = "RatesAssistant.Domain", "RatesAssistant.Domain\RatesAssistant.Domain.csproj", "{58EDBCF6-4E72-4A99-BD47-833EECFB9689}"
EndProject
Project("{FAE04EC0-301F-11D3-BF4B-00C04F79EFBC}") = "RatesAssistant.Application", "RatesAssistant.Application\RatesAssistant.Application.csproj", "{AEE1E678-5D57-465F-B4C7-3EAA21A88C82}"
EndProject
Project("{FAE04EC0-301F-11D3-BF4B-00C04F79EFBC}") = "RatesAssistant.FrontEnd", "RatesAssistant.FrontEnd\RatesAssistant.FrontEnd.csproj", "{EBDBD8FF-B66A-4436-B6A1-23821E7F1B6E}"
EndProject
Global
	GlobalSection(SolutionConfigurationPlatforms) = preSolution
		Debug|Any CPU = Debug|Any CPU
		Release|Any CPU = Release|Any CPU
	EndGlobalSection
	GlobalSection(ProjectConfigurationPlatforms) = postSolution
		{6270A0E5-907F-44E4-8627-1078EFA4683D}.Debug|Any CPU.ActiveCfg = Debug|Any CPU
		{6270A0E5-907F-44E4-8627-1078EFA4683D}.Debug|Any CPU.Build.0 = Debug|Any CPU
		{6270A0E5-907F-44E4-8627-1078EFA4683D}.Release|Any CPU.ActiveCfg = Release|Any CPU
		{6270A0E5-907F-44E4-8627-1078EFA4683D}.Release|Any CPU.Build.0 = Release|Any CPU
		{0DE7FFA3-D541-4225-975A-0BEB933F7F1F}.Debug|Any CPU.ActiveCfg = Debug|Any CPU
		{0DE7FFA3-D541-4225-975A-0BEB933F7F1F}.Debug|Any CPU.Build.0 = Debug|Any CPU
		{0DE7FFA3-D541-4225-975A-0BEB933F7F1F}.Release|Any CPU.ActiveCfg = Release|Any CPU
		{0DE7FFA3-D541-4225-975A-0BEB933F7F1F}.Release|Any CPU.Build.0 = Release|Any CPU
		{58EDBCF6-4E72-4A99-BD47-833EECFB9689}.Debug|Any CPU.ActiveCfg = Debug|Any CPU
		{58EDBCF6-4E72-4A99-BD47-833EECFB9689}.Debug|Any CPU.Build.0 = Debug|Any CPU
		{58EDBCF6-4E72-4A99-BD47-833EECFB9689}.Release|Any CPU.ActiveCfg = Release|Any CPU
		{58EDBCF6-4E72-4A99-BD47-833EECFB9689}.Release|Any CPU.Build.0 = Release|Any CPU
		{AEE1E678-5D57-465F-B4C7-3EAA21A88C82}.Debug|Any CPU.ActiveCfg = Debug|Any CPU
		{AEE1E678-5D57-465F-B4C7-3EAA21A88C82}.Debug|Any CPU.Build.0 = Debug|Any CPU
		{AEE1E678-5D57-465F-B4C7-3EAA21A88C82}.Release|Any CPU.ActiveCfg = Release|Any CPU
		{AEE1E678-5D57-465F-B4C7-3EAA21A88C82}.Release|Any CPU.Build.0 = Release|Any CPU
		{EBDBD8FF-B66A-4436-B6A1-23821E7F1B6E}.Debug|Any CPU.ActiveCfg = Debug|Any CPU
		{EBDBD8FF-B66A-4436-B6A1-23821E7F1B6E}.Debug|Any CPU.Build.0 = Debug|Any CPU
		{EBDBD8FF-B66A-4436-B6A1-23821E7F1B6E}.Release|Any CPU.ActiveCfg = Release|Any CPU
		{EBDBD8FF-B66A-4436-B6A1-23821E7F1B6E}.Release|Any CPU.Build.0 = Release|Any CPU
	EndGlobalSection
	GlobalSection(SolutionProperties) = preSolution
		HideSolutionNode = FALSE
	EndGlobalSection
	GlobalSection(ExtensibilityGlobals) = postSolution
		SolutionGuid = {678C9150-7A8C-4121-B79D-A567DFF68183}
	EndGlobalSection
EndGlobal
